// !$*UTF8*$!
{
	archiveVersion = 1;
	classes = {
	};
	objectVersion = 46;
	objects = {

/* Begin PBXBuildFile section */
		E21DC8B41D5E56C800424556 /* IncrementableLabel.framework in Frameworks */ = {isa = PBXBuildFile; fileRef = E26980E21CDEA8F4001E9707 /* IncrementableLabel.framework */; };
		E21DC8B51D5E56C800424556 /* IncrementableLabel.framework in Embed Frameworks */ = {isa = PBXBuildFile; fileRef = E26980E21CDEA8F4001E9707 /* IncrementableLabel.framework */; settings = {ATTRIBUTES = (CodeSignOnCopy, RemoveHeadersOnCopy, ); }; };
		E21DC8B91D5E56CD00424556 /* IncrementableLabel.framework in Frameworks */ = {isa = PBXBuildFile; fileRef = E26980E41CDEA8F4001E9707 /* IncrementableLabel.framework */; };
		E21DC8BA1D5E56CD00424556 /* IncrementableLabel.framework in Embed Frameworks */ = {isa = PBXBuildFile; fileRef = E26980E41CDEA8F4001E9707 /* IncrementableLabel.framework */; settings = {ATTRIBUTES = (CodeSignOnCopy, RemoveHeadersOnCopy, ); }; };
		E2C3AF571C4FC06F00EB275B /* AppDelegate.swift in Sources */ = {isa = PBXBuildFile; fileRef = E2C3AF561C4FC06F00EB275B /* AppDelegate.swift */; };
		E2C3AF591C4FC06F00EB275B /* ViewController.swift in Sources */ = {isa = PBXBuildFile; fileRef = E2C3AF581C4FC06F00EB275B /* ViewController.swift */; };
		E2C3AF5C1C4FC06F00EB275B /* Main.storyboard in Resources */ = {isa = PBXBuildFile; fileRef = E2C3AF5A1C4FC06F00EB275B /* Main.storyboard */; };
		E2C3AF5E1C4FC06F00EB275B /* Assets.xcassets in Resources */ = {isa = PBXBuildFile; fileRef = E2C3AF5D1C4FC06F00EB275B /* Assets.xcassets */; };
		E2C3AF631C4FC0ED00EB275B /* AppDelegate.swift in Sources */ = {isa = PBXBuildFile; fileRef = E298E3EE1C4F8A41009704B1 /* AppDelegate.swift */; };
		E2C3AF641C4FC0ED00EB275B /* ViewController.swift in Sources */ = {isa = PBXBuildFile; fileRef = E298E3F01C4F8A41009704B1 /* ViewController.swift */; };
		E2C3AF651C4FC11200EB275B /* Main.storyboard in Resources */ = {isa = PBXBuildFile; fileRef = E298E3F21C4F8A41009704B1 /* Main.storyboard */; };
		E2C3AF661C4FC11500EB275B /* Assets.xcassets in Resources */ = {isa = PBXBuildFile; fileRef = E298E3F51C4F8A41009704B1 /* Assets.xcassets */; };
		E2C3AF671C4FC11900EB275B /* LaunchScreen.storyboard in Resources */ = {isa = PBXBuildFile; fileRef = E298E3F71C4F8A41009704B1 /* LaunchScreen.storyboard */; };
/* End PBXBuildFile section */

/* Begin PBXContainerItemProxy section */
		E21DC8B61D5E56C900424556 /* PBXContainerItemProxy */ = {
			isa = PBXContainerItemProxy;
			containerPortal = E26980DC1CDEA8F4001E9707 /* IncrementableLabel.xcodeproj */;
			proxyType = 1;
			remoteGlobalIDString = E269808F1CDEA6DB001E9707;
			remoteInfo = "IncrementableLabel iOS";
		};
		E21DC8BB1D5E56CD00424556 /* PBXContainerItemProxy */ = {
			isa = PBXContainerItemProxy;
			containerPortal = E26980DC1CDEA8F4001E9707 /* IncrementableLabel.xcodeproj */;
			proxyType = 1;
			remoteGlobalIDString = E26980B21CDEA7A6001E9707;
			remoteInfo = "IncrementableLabel tvOS";
		};
		E26980E11CDEA8F4001E9707 /* PBXContainerItemProxy */ = {
			isa = PBXContainerItemProxy;
			containerPortal = E26980DC1CDEA8F4001E9707 /* IncrementableLabel.xcodeproj */;
			proxyType = 2;
			remoteGlobalIDString = E26980901CDEA6DB001E9707;
			remoteInfo = "IncrementableLabel iOS";
		};
		E26980E31CDEA8F4001E9707 /* PBXContainerItemProxy */ = {
			isa = PBXContainerItemProxy;
			containerPortal = E26980DC1CDEA8F4001E9707 /* IncrementableLabel.xcodeproj */;
			proxyType = 2;
			remoteGlobalIDString = E26980B31CDEA7A6001E9707;
			remoteInfo = "IncrementableLabel tvOS";
		};
		E26981131CDEB17B001E9707 /* PBXContainerItemProxy */ = {
			isa = PBXContainerItemProxy;
			containerPortal = E26980DC1CDEA8F4001E9707 /* IncrementableLabel.xcodeproj */;
			proxyType = 2;
			remoteGlobalIDString = E26980EA1CDEAAB3001E9707;
			remoteInfo = "IncrementableLabel iOS Tests";
		};
		E26981151CDEB17B001E9707 /* PBXContainerItemProxy */ = {
			isa = PBXContainerItemProxy;
			containerPortal = E26980DC1CDEA8F4001E9707 /* IncrementableLabel.xcodeproj */;
			proxyType = 2;
			remoteGlobalIDString = E26980FA1CDEAADF001E9707;
			remoteInfo = "IncrementableLabel tvOS Tests";
		};
/* End PBXContainerItemProxy section */

/* Begin PBXCopyFilesBuildPhase section */
		E21DC8B81D5E56C900424556 /* Embed Frameworks */ = {
			isa = PBXCopyFilesBuildPhase;
			buildActionMask = 2147483647;
			dstPath = "";
			dstSubfolderSpec = 10;
			files = (
				E21DC8B51D5E56C800424556 /* IncrementableLabel.framework in Embed Frameworks */,
			);
			name = "Embed Frameworks";
			runOnlyForDeploymentPostprocessing = 0;
		};
		E21DC8BD1D5E56CD00424556 /* Embed Frameworks */ = {
			isa = PBXCopyFilesBuildPhase;
			buildActionMask = 2147483647;
			dstPath = "";
			dstSubfolderSpec = 10;
			files = (
				E21DC8BA1D5E56CD00424556 /* IncrementableLabel.framework in Embed Frameworks */,
			);
			name = "Embed Frameworks";
			runOnlyForDeploymentPostprocessing = 0;
		};
/* End PBXCopyFilesBuildPhase section */

/* Begin PBXFileReference section */
		E26980DC1CDEA8F4001E9707 /* IncrementableLabel.xcodeproj */ = {isa = PBXFileReference; lastKnownFileType = "wrapper.pb-project"; name = IncrementableLabel.xcodeproj; path = ../IncrementableLabel/IncrementableLabel.xcodeproj; sourceTree = "<group>"; };
		E298E3EE1C4F8A41009704B1 /* AppDelegate.swift */ = {isa = PBXFileReference; lastKnownFileType = sourcecode.swift; path = AppDelegate.swift; sourceTree = "<group>"; };
		E298E3F01C4F8A41009704B1 /* ViewController.swift */ = {isa = PBXFileReference; lastKnownFileType = sourcecode.swift; path = ViewController.swift; sourceTree = "<group>"; };
		E298E3F31C4F8A41009704B1 /* Base */ = {isa = PBXFileReference; lastKnownFileType = file.storyboard; name = Base; path = Base.lproj/Main.storyboard; sourceTree = "<group>"; };
		E298E3F51C4F8A41009704B1 /* Assets.xcassets */ = {isa = PBXFileReference; lastKnownFileType = folder.assetcatalog; path = Assets.xcassets; sourceTree = "<group>"; };
		E298E3F81C4F8A41009704B1 /* Base */ = {isa = PBXFileReference; lastKnownFileType = file.storyboard; name = Base; path = Base.lproj/LaunchScreen.storyboard; sourceTree = "<group>"; };
		E298E3FA1C4F8A41009704B1 /* Info.plist */ = {isa = PBXFileReference; lastKnownFileType = text.plist.xml; path = Info.plist; sourceTree = "<group>"; };
		E2C3AF3E1C4FBFB300EB275B /* iOS Example.app */ = {isa = PBXFileReference; explicitFileType = wrapper.application; includeInIndex = 0; path = "iOS Example.app"; sourceTree = BUILT_PRODUCTS_DIR; };
		E2C3AF541C4FC06F00EB275B /* tvOS Example.app */ = {isa = PBXFileReference; explicitFileType = wrapper.application; includeInIndex = 0; path = "tvOS Example.app"; sourceTree = BUILT_PRODUCTS_DIR; };
		E2C3AF561C4FC06F00EB275B /* AppDelegate.swift */ = {isa = PBXFileReference; lastKnownFileType = sourcecode.swift; path = AppDelegate.swift; sourceTree = "<group>"; };
		E2C3AF581C4FC06F00EB275B /* ViewController.swift */ = {isa = PBXFileReference; lastKnownFileType = sourcecode.swift; path = ViewController.swift; sourceTree = "<group>"; };
		E2C3AF5B1C4FC06F00EB275B /* Base */ = {isa = PBXFileReference; lastKnownFileType = file.storyboard; name = Base; path = Base.lproj/Main.storyboard; sourceTree = "<group>"; };
		E2C3AF5D1C4FC06F00EB275B /* Assets.xcassets */ = {isa = PBXFileReference; lastKnownFileType = folder.assetcatalog; path = Assets.xcassets; sourceTree = "<group>"; };
		E2C3AF5F1C4FC06F00EB275B /* Info.plist */ = {isa = PBXFileReference; lastKnownFileType = text.plist.xml; path = Info.plist; sourceTree = "<group>"; };
/* End PBXFileReference section */

/* Begin PBXFrameworksBuildPhase section */
		E2C3AF3B1C4FBFB300EB275B /* Frameworks */ = {
			isa = PBXFrameworksBuildPhase;
			buildActionMask = 2147483647;
			files = (
				E21DC8B41D5E56C800424556 /* IncrementableLabel.framework in Frameworks */,
			);
			runOnlyForDeploymentPostprocessing = 0;
		};
		E2C3AF511C4FC06F00EB275B /* Frameworks */ = {
			isa = PBXFrameworksBuildPhase;
			buildActionMask = 2147483647;
			files = (
				E21DC8B91D5E56CD00424556 /* IncrementableLabel.framework in Frameworks */,
			);
			runOnlyForDeploymentPostprocessing = 0;
		};
/* End PBXFrameworksBuildPhase section */

/* Begin PBXGroup section */
		E26980DD1CDEA8F4001E9707 /* Products */ = {
			isa = PBXGroup;
			children = (
				E26980E21CDEA8F4001E9707 /* IncrementableLabel.framework */,
				E26981141CDEB17B001E9707 /* IncrementableLabel iOS Tests.xctest */,
				E26980E41CDEA8F4001E9707 /* IncrementableLabel.framework */,
				E26981161CDEB17B001E9707 /* IncrementableLabel tvOS Tests.xctest */,
			);
			name = Products;
			sourceTree = "<group>";
		};
		E298E3E21C4F8A41009704B1 = {
			isa = PBXGroup;
			children = (
				E298E3ED1C4F8A41009704B1 /* iOS Example */,
				E2C3AF551C4FC06F00EB275B /* tvOS Example */,
				E298E3EC1C4F8A41009704B1 /* Products */,
				E26980DC1CDEA8F4001E9707 /* IncrementableLabel.xcodeproj */,
			);
			sourceTree = "<group>";
		};
		E298E3EC1C4F8A41009704B1 /* Products */ = {
			isa = PBXGroup;
			children = (
				E2C3AF3E1C4FBFB300EB275B /* iOS Example.app */,
				E2C3AF541C4FC06F00EB275B /* tvOS Example.app */,
			);
			name = Products;
			sourceTree = "<group>";
		};
		E298E3ED1C4F8A41009704B1 /* iOS Example */ = {
			isa = PBXGroup;
			children = (
				E298E3EE1C4F8A41009704B1 /* AppDelegate.swift */,
				E298E3F01C4F8A41009704B1 /* ViewController.swift */,
				E298E3F21C4F8A41009704B1 /* Main.storyboard */,
				E298E3F51C4F8A41009704B1 /* Assets.xcassets */,
				E298E3F71C4F8A41009704B1 /* LaunchScreen.storyboard */,
				E298E3FA1C4F8A41009704B1 /* Info.plist */,
			);
			name = "iOS Example";
			path = "Example/iOS Example";
			sourceTree = "<group>";
		};
		E2C3AF551C4FC06F00EB275B /* tvOS Example */ = {
			isa = PBXGroup;
			children = (
				E2C3AF561C4FC06F00EB275B /* AppDelegate.swift */,
				E2C3AF581C4FC06F00EB275B /* ViewController.swift */,
				E2C3AF5A1C4FC06F00EB275B /* Main.storyboard */,
				E2C3AF5D1C4FC06F00EB275B /* Assets.xcassets */,
				E2C3AF5F1C4FC06F00EB275B /* Info.plist */,
			);
			name = "tvOS Example";
			path = "Example/tvOS Example";
			sourceTree = "<group>";
		};
/* End PBXGroup section */

/* Begin PBXNativeTarget section */
		E2C3AF3D1C4FBFB300EB275B /* iOS Example */ = {
			isa = PBXNativeTarget;
			buildConfigurationList = E2C3AF4D1C4FBFB300EB275B /* Build configuration list for PBXNativeTarget "iOS Example" */;
			buildPhases = (
				E2C3AF3A1C4FBFB300EB275B /* Sources */,
				E2C3AF3B1C4FBFB300EB275B /* Frameworks */,
				E2C3AF3C1C4FBFB300EB275B /* Resources */,
				E21DC8B81D5E56C900424556 /* Embed Frameworks */,
			);
			buildRules = (
			);
			dependencies = (
				E21DC8B71D5E56C900424556 /* PBXTargetDependency */,
			);
			name = "iOS Example";
			productName = IncrementableLabel;
			productReference = E2C3AF3E1C4FBFB300EB275B /* iOS Example.app */;
			productType = "com.apple.product-type.application";
		};
		E2C3AF531C4FC06F00EB275B /* tvOS Example */ = {
			isa = PBXNativeTarget;
			buildConfigurationList = E2C3AF601C4FC06F00EB275B /* Build configuration list for PBXNativeTarget "tvOS Example" */;
			buildPhases = (
				E2C3AF501C4FC06F00EB275B /* Sources */,
				E2C3AF511C4FC06F00EB275B /* Frameworks */,
				E2C3AF521C4FC06F00EB275B /* Resources */,
				E21DC8BD1D5E56CD00424556 /* Embed Frameworks */,
			);
			buildRules = (
			);
			dependencies = (
				E21DC8BC1D5E56CD00424556 /* PBXTargetDependency */,
			);
			name = "tvOS Example";
			productName = IncrementableLabel;
			productReference = E2C3AF541C4FC06F00EB275B /* tvOS Example.app */;
			productType = "com.apple.product-type.application";
		};
/* End PBXNativeTarget section */

/* Begin PBXProject section */
		E298E3E31C4F8A41009704B1 /* Project object */ = {
			isa = PBXProject;
			attributes = {
				LastSwiftUpdateCheck = 0720;
				LastUpgradeCheck = 1020;
				ORGANIZATIONNAME = Recisio;
				TargetAttributes = {
					E2C3AF3D1C4FBFB300EB275B = {
						CreatedOnToolsVersion = 7.2;
						LastSwiftMigration = 0900;
						ProvisioningStyle = Manual;
					};
					E2C3AF531C4FC06F00EB275B = {
						CreatedOnToolsVersion = 7.2;
						LastSwiftMigration = 0800;
						ProvisioningStyle = Manual;
					};
				};
			};
			buildConfigurationList = E298E3E61C4F8A41009704B1 /* Build configuration list for PBXProject "Example" */;
			compatibilityVersion = "Xcode 3.2";
			developmentRegion = en;
			hasScannedForEncodings = 0;
			knownRegions = (
				en,
				Base,
			);
			mainGroup = E298E3E21C4F8A41009704B1;
			productRefGroup = E298E3EC1C4F8A41009704B1 /* Products */;
			projectDirPath = "";
			projectReferences = (
				{
					ProductGroup = E26980DD1CDEA8F4001E9707 /* Products */;
					ProjectRef = E26980DC1CDEA8F4001E9707 /* IncrementableLabel.xcodeproj */;
				},
			);
			projectRoot = "";
			targets = (
				E2C3AF3D1C4FBFB300EB275B /* iOS Example */,
				E2C3AF531C4FC06F00EB275B /* tvOS Example */,
			);
		};
/* End PBXProject section */

/* Begin PBXReferenceProxy section */
		E26980E21CDEA8F4001E9707 /* IncrementableLabel.framework */ = {
			isa = PBXReferenceProxy;
			fileType = wrapper.framework;
			path = IncrementableLabel.framework;
			remoteRef = E26980E11CDEA8F4001E9707 /* PBXContainerItemProxy */;
			sourceTree = BUILT_PRODUCTS_DIR;
		};
		E26980E41CDEA8F4001E9707 /* IncrementableLabel.framework */ = {
			isa = PBXReferenceProxy;
			fileType = wrapper.framework;
			path = IncrementableLabel.framework;
			remoteRef = E26980E31CDEA8F4001E9707 /* PBXContainerItemProxy */;
			sourceTree = BUILT_PRODUCTS_DIR;
		};
		E26981141CDEB17B001E9707 /* IncrementableLabel iOS Tests.xctest */ = {
			isa = PBXReferenceProxy;
			fileType = wrapper.cfbundle;
			path = "IncrementableLabel iOS Tests.xctest";
			remoteRef = E26981131CDEB17B001E9707 /* PBXContainerItemProxy */;
			sourceTree = BUILT_PRODUCTS_DIR;
		};
		E26981161CDEB17B001E9707 /* IncrementableLabel tvOS Tests.xctest */ = {
			isa = PBXReferenceProxy;
			fileType = wrapper.cfbundle;
			path = "IncrementableLabel tvOS Tests.xctest";
			remoteRef = E26981151CDEB17B001E9707 /* PBXContainerItemProxy */;
			sourceTree = BUILT_PRODUCTS_DIR;
		};
/* End PBXReferenceProxy section */

/* Begin PBXResourcesBuildPhase section */
		E2C3AF3C1C4FBFB300EB275B /* Resources */ = {
			isa = PBXResourcesBuildPhase;
			buildActionMask = 2147483647;
			files = (
				E2C3AF671C4FC11900EB275B /* LaunchScreen.storyboard in Resources */,
				E2C3AF661C4FC11500EB275B /* Assets.xcassets in Resources */,
				E2C3AF651C4FC11200EB275B /* Main.storyboard in Resources */,
			);
			runOnlyForDeploymentPostprocessing = 0;
		};
		E2C3AF521C4FC06F00EB275B /* Resources */ = {
			isa = PBXResourcesBuildPhase;
			buildActionMask = 2147483647;
			files = (
				E2C3AF5E1C4FC06F00EB275B /* Assets.xcassets in Resources */,
				E2C3AF5C1C4FC06F00EB275B /* Main.storyboard in Resources */,
			);
			runOnlyForDeploymentPostprocessing = 0;
		};
/* End PBXResourcesBuildPhase section */

/* Begin PBXSourcesBuildPhase section */
		E2C3AF3A1C4FBFB300EB275B /* Sources */ = {
			isa = PBXSourcesBuildPhase;
			buildActionMask = 2147483647;
			files = (
				E2C3AF641C4FC0ED00EB275B /* ViewController.swift in Sources */,
				E2C3AF631C4FC0ED00EB275B /* AppDelegate.swift in Sources */,
			);
			runOnlyForDeploymentPostprocessing = 0;
		};
		E2C3AF501C4FC06F00EB275B /* Sources */ = {
			isa = PBXSourcesBuildPhase;
			buildActionMask = 2147483647;
			files = (
				E2C3AF591C4FC06F00EB275B /* ViewController.swift in Sources */,
				E2C3AF571C4FC06F00EB275B /* AppDelegate.swift in Sources */,
			);
			runOnlyForDeploymentPostprocessing = 0;
		};
/* End PBXSourcesBuildPhase section */

/* Begin PBXTargetDependency section */
		E21DC8B71D5E56C900424556 /* PBXTargetDependency */ = {
			isa = PBXTargetDependency;
			name = "IncrementableLabel iOS";
			targetProxy = E21DC8B61D5E56C900424556 /* PBXContainerItemProxy */;
		};
		E21DC8BC1D5E56CD00424556 /* PBXTargetDependency */ = {
			isa = PBXTargetDependency;
			name = "IncrementableLabel tvOS";
			targetProxy = E21DC8BB1D5E56CD00424556 /* PBXContainerItemProxy */;
		};
/* End PBXTargetDependency section */

/* Begin PBXVariantGroup section */
		E298E3F21C4F8A41009704B1 /* Main.storyboard */ = {
			isa = PBXVariantGroup;
			children = (
				E298E3F31C4F8A41009704B1 /* Base */,
			);
			name = Main.storyboard;
			sourceTree = "<group>";
		};
		E298E3F71C4F8A41009704B1 /* LaunchScreen.storyboard */ = {
			isa = PBXVariantGroup;
			children = (
				E298E3F81C4F8A41009704B1 /* Base */,
			);
			name = LaunchScreen.storyboard;
			sourceTree = "<group>";
		};
		E2C3AF5A1C4FC06F00EB275B /* Main.storyboard */ = {
			isa = PBXVariantGroup;
			children = (
				E2C3AF5B1C4FC06F00EB275B /* Base */,
			);
			name = Main.storyboard;
			sourceTree = "<group>";
		};
/* End PBXVariantGroup section */

/* Begin XCBuildConfiguration section */
		E298E3FB1C4F8A41009704B1 /* Debug */ = {
			isa = XCBuildConfiguration;
			buildSettings = {
				ALWAYS_SEARCH_USER_PATHS = NO;
				CLANG_ANALYZER_LOCALIZABILITY_NONLOCALIZED = YES;
				CLANG_CXX_LANGUAGE_STANDARD = "gnu++0x";
				CLANG_CXX_LIBRARY = "libc++";
				CLANG_ENABLE_MODULES = YES;
				CLANG_ENABLE_OBJC_ARC = YES;
				CLANG_WARN_BLOCK_CAPTURE_AUTORELEASING = YES;
				CLANG_WARN_BOOL_CONVERSION = YES;
				CLANG_WARN_COMMA = YES;
				CLANG_WARN_CONSTANT_CONVERSION = YES;
				CLANG_WARN_DEPRECATED_OBJC_IMPLEMENTATIONS = YES;
				CLANG_WARN_DIRECT_OBJC_ISA_USAGE = YES_ERROR;
				CLANG_WARN_EMPTY_BODY = YES;
				CLANG_WARN_ENUM_CONVERSION = YES;
				CLANG_WARN_INFINITE_RECURSION = YES;
				CLANG_WARN_INT_CONVERSION = YES;
				CLANG_WARN_NON_LITERAL_NULL_CONVERSION = YES;
				CLANG_WARN_OBJC_IMPLICIT_RETAIN_SELF = YES;
				CLANG_WARN_OBJC_LITERAL_CONVERSION = YES;
				CLANG_WARN_OBJC_ROOT_CLASS = YES_ERROR;
				CLANG_WARN_RANGE_LOOP_ANALYSIS = YES;
				CLANG_WARN_STRICT_PROTOTYPES = YES;
				CLANG_WARN_SUSPICIOUS_MOVE = YES;
				CLANG_WARN_UNREACHABLE_CODE = YES;
				CLANG_WARN__DUPLICATE_METHOD_MATCH = YES;
				"CODE_SIGN_IDENTITY[sdk=iphoneos*]" = "iPhone Developer";
				COPY_PHASE_STRIP = NO;
				DEBUG_INFORMATION_FORMAT = dwarf;
				ENABLE_STRICT_OBJC_MSGSEND = YES;
				ENABLE_TESTABILITY = YES;
				GCC_C_LANGUAGE_STANDARD = gnu99;
				GCC_DYNAMIC_NO_PIC = NO;
				GCC_NO_COMMON_BLOCKS = YES;
				GCC_OPTIMIZATION_LEVEL = 0;
				GCC_PREPROCESSOR_DEFINITIONS = (
					"DEBUG=1",
					"$(inherited)",
				);
				GCC_WARN_64_TO_32_BIT_CONVERSION = YES;
				GCC_WARN_ABOUT_RETURN_TYPE = YES_ERROR;
				GCC_WARN_UNDECLARED_SELECTOR = YES;
				GCC_WARN_UNINITIALIZED_AUTOS = YES_AGGRESSIVE;
				GCC_WARN_UNUSED_FUNCTION = YES;
				GCC_WARN_UNUSED_VARIABLE = YES;
				IPHONEOS_DEPLOYMENT_TARGET = 9.2;
				MTL_ENABLE_DEBUG_INFO = YES;
				ONLY_ACTIVE_ARCH = YES;
				SDKROOT = iphoneos;
				SWIFT_OPTIMIZATION_LEVEL = "-Onone";
				TARGETED_DEVICE_FAMILY = "1,2";
			};
			name = Debug;
		};
		E298E3FC1C4F8A41009704B1 /* Release */ = {
			isa = XCBuildConfiguration;
			buildSettings = {
				ALWAYS_SEARCH_USER_PATHS = NO;
				CLANG_ANALYZER_LOCALIZABILITY_NONLOCALIZED = YES;
				CLANG_CXX_LANGUAGE_STANDARD = "gnu++0x";
				CLANG_CXX_LIBRARY = "libc++";
				CLANG_ENABLE_MODULES = YES;
				CLANG_ENABLE_OBJC_ARC = YES;
				CLANG_WARN_BLOCK_CAPTURE_AUTORELEASING = YES;
				CLANG_WARN_BOOL_CONVERSION = YES;
				CLANG_WARN_COMMA = YES;
				CLANG_WARN_CONSTANT_CONVERSION = YES;
				CLANG_WARN_DEPRECATED_OBJC_IMPLEMENTATIONS = YES;
				CLANG_WARN_DIRECT_OBJC_ISA_USAGE = YES_ERROR;
				CLANG_WARN_EMPTY_BODY = YES;
				CLANG_WARN_ENUM_CONVERSION = YES;
				CLANG_WARN_INFINITE_RECURSION = YES;
				CLANG_WARN_INT_CONVERSION = YES;
				CLANG_WARN_NON_LITERAL_NULL_CONVERSION = YES;
				CLANG_WARN_OBJC_IMPLICIT_RETAIN_SELF = YES;
				CLANG_WARN_OBJC_LITERAL_CONVERSION = YES;
				CLANG_WARN_OBJC_ROOT_CLASS = YES_ERROR;
				CLANG_WARN_RANGE_LOOP_ANALYSIS = YES;
				CLANG_WARN_STRICT_PROTOTYPES = YES;
				CLANG_WARN_SUSPICIOUS_MOVE = YES;
				CLANG_WARN_UNREACHABLE_CODE = YES;
				CLANG_WARN__DUPLICATE_METHOD_MATCH = YES;
				"CODE_SIGN_IDENTITY[sdk=iphoneos*]" = "iPhone Developer";
				COPY_PHASE_STRIP = NO;
				DEBUG_INFORMATION_FORMAT = "dwarf-with-dsym";
				ENABLE_NS_ASSERTIONS = NO;
				ENABLE_STRICT_OBJC_MSGSEND = YES;
				GCC_C_LANGUAGE_STANDARD = gnu99;
				GCC_NO_COMMON_BLOCKS = YES;
				GCC_WARN_64_TO_32_BIT_CONVERSION = YES;
				GCC_WARN_ABOUT_RETURN_TYPE = YES_ERROR;
				GCC_WARN_UNDECLARED_SELECTOR = YES;
				GCC_WARN_UNINITIALIZED_AUTOS = YES_AGGRESSIVE;
				GCC_WARN_UNUSED_FUNCTION = YES;
				GCC_WARN_UNUSED_VARIABLE = YES;
				IPHONEOS_DEPLOYMENT_TARGET = 9.2;
				MTL_ENABLE_DEBUG_INFO = NO;
				SDKROOT = iphoneos;
				TARGETED_DEVICE_FAMILY = "1,2";
				VALIDATE_PRODUCT = YES;
			};
			name = Release;
		};
		E2C3AF4E1C4FBFB300EB275B /* Debug */ = {
			isa = XCBuildConfiguration;
			buildSettings = {
				ALWAYS_EMBED_SWIFT_STANDARD_LIBRARIES = YES;
				DEVELOPMENT_TEAM = "";
				INFOPLIST_FILE = "$(SRCROOT)/Example/iOS Example/Info.plist";
				IPHONEOS_DEPLOYMENT_TARGET = 8.0;
				LD_RUNPATH_SEARCH_PATHS = "$(inherited) @executable_path/Frameworks";
				PRODUCT_BUNDLE_IDENTIFIER = com.recisio.IncrementableLabel.example;
				PRODUCT_NAME = "$(TARGET_NAME)";
				SWIFT_VERSION = 5.0;
			};
			name = Debug;
		};
		E2C3AF4F1C4FBFB300EB275B /* Release */ = {
			isa = XCBuildConfiguration;
			buildSettings = {
				ALWAYS_EMBED_SWIFT_STANDARD_LIBRARIES = YES;
				DEVELOPMENT_TEAM = "";
				INFOPLIST_FILE = "$(SRCROOT)/Example/iOS Example/Info.plist";
				IPHONEOS_DEPLOYMENT_TARGET = 8.0;
				LD_RUNPATH_SEARCH_PATHS = "$(inherited) @executable_path/Frameworks";
				PRODUCT_BUNDLE_IDENTIFIER = com.recisio.IncrementableLabel.example;
				PRODUCT_NAME = "$(TARGET_NAME)";
				SWIFT_OPTIMIZATION_LEVEL = "-Owholemodule";
				SWIFT_VERSION = 5.0;
			};
			name = Release;
		};
		E2C3AF611C4FC06F00EB275B /* Debug */ = {
			isa = XCBuildConfiguration;
			buildSettings = {
				ALWAYS_EMBED_SWIFT_STANDARD_LIBRARIES = YES;
				DEVELOPMENT_TEAM = "";
				INFOPLIST_FILE = "$(SRCROOT)/Example/tvOS Example/Info.plist";
				LD_RUNPATH_SEARCH_PATHS = "$(inherited) @executable_path/Frameworks";
				PRODUCT_BUNDLE_IDENTIFIER = com.recisio.IncrementableLabel.example;
				PRODUCT_NAME = "$(TARGET_NAME)";
				SDKROOT = appletvos;
				SWIFT_VERSION = 5.0;
				TARGETED_DEVICE_FAMILY = 3;
				TVOS_DEPLOYMENT_TARGET = 9.0;
			};
			name = Debug;
		};
		E2C3AF621C4FC06F00EB275B /* Release */ = {
			isa = XCBuildConfiguration;
			buildSettings = {
				ALWAYS_EMBED_SWIFT_STANDARD_LIBRARIES = YES;
				DEVELOPMENT_TEAM = "";
				INFOPLIST_FILE = "$(SRCROOT)/Example/tvOS Example/Info.plist";
				LD_RUNPATH_SEARCH_PATHS = "$(inherited) @executable_path/Frameworks";
				PRODUCT_BUNDLE_IDENTIFIER = com.recisio.IncrementableLabel.example;
				PRODUCT_NAME = "$(TARGET_NAME)";
				SDKROOT = appletvos;
				SWIFT_OPTIMIZATION_LEVEL = "-Owholemodule";
				SWIFT_VERSION = 5.0;
				TARGETED_DEVICE_FAMILY = 3;
				TVOS_DEPLOYMENT_TARGET = 9.0;
			};
			name = Release;
		};
/* End XCBuildConfiguration section */

/* Begin XCConfigurationList section */
		E298E3E61C4F8A41009704B1 /* Build configuration list for PBXProject "Example" */ = {
			isa = XCConfigurationList;
			buildConfigurations = (
				E298E3FB1C4F8A41009704B1 /* Debug */,
				E298E3FC1C4F8A41009704B1 /* Release */,
			);
			defaultConfigurationIsVisible = 0;
			defaultConfigurationName = Release;
		};
		E2C3AF4D1C4FBFB300EB275B /* Build configuration list for PBXNativeTarget "iOS Example" */ = {
			isa = XCConfigurationList;
			buildConfigurations = (
				E2C3AF4E1C4FBFB300EB275B /* Debug */,
				E2C3AF4F1C4FBFB300EB275B /* Release */,
			);
			defaultConfigurationIsVisible = 0;
			defaultConfigurationName = Release;
		};
		E2C3AF601C4FC06F00EB275B /* Build configuration list for PBXNativeTarget "tvOS Example" */ = {
			isa = XCConfigurationList;
			buildConfigurations = (
				E2C3AF611C4FC06F00EB275B /* Debug */,
				E2C3AF621C4FC06F00EB275B /* Release */,
			);
			defaultConfigurationIsVisible = 0;
			defaultConfigurationName = Release;
		};
/* End XCConfigurationList section */
	};
	rootObject = E298E3E31C4F8A41009704B1 /* Project object */;
}
