// !$*UTF8*$!
{
	archiveVersion = 1;
	classes = {
	};
	objectVersion = 46;
	objects = {

/* Begin PBXBuildFile section */
		E26980941CDEA6DB001E9707 /* IncrementableLabel.h in Headers */ = {isa = PBXBuildFile; fileRef = E26980931CDEA6DB001E9707 /* IncrementableLabel.h */; settings = {ATTRIBUTES = (Public, ); }; };
		E26980AD1CDEA74C001E9707 /* IncrementableLabel.swift in Sources */ = {isa = PBXBuildFile; fileRef = E26980AC1CDEA74C001E9707 /* IncrementableLabel.swift */; };
		E26980B61CDEA7A6001E9707 /* IncrementableLabel tvOS.h in Headers */ = {isa = PBXBuildFile; fileRef = E26980B51CDEA7A6001E9707 /* IncrementableLabel tvOS.h */; settings = {ATTRIBUTES = (Public, ); }; };
		E26980E51CDEA9DA001E9707 /* IncrementableLabel.swift in Sources */ = {isa = PBXBuildFile; fileRef = E26980AC1CDEA74C001E9707 /* IncrementableLabel.swift */; };
/* End PBXBuildFile section */

/* Begin PBXFileReference section */
		E26980901CDEA6DB001E9707 /* IncrementableLabel.framework */ = {isa = PBXFileReference; explicitFileType = wrapper.framework; includeInIndex = 0; path = IncrementableLabel.framework; sourceTree = BUILT_PRODUCTS_DIR; };
		E26980931CDEA6DB001E9707 /* IncrementableLabel.h */ = {isa = PBXFileReference; lastKnownFileType = sourcecode.c.h; path = IncrementableLabel.h; sourceTree = "<group>"; };
		E26980951CDEA6DB001E9707 /* Info.plist */ = {isa = PBXFileReference; lastKnownFileType = text.plist.xml; path = Info.plist; sourceTree = "<group>"; };
		E26980AC1CDEA74C001E9707 /* IncrementableLabel.swift */ = {isa = PBXFileReference; fileEncoding = 4; lastKnownFileType = sourcecode.swift; name = IncrementableLabel.swift; path = ../../Sources/IncrementableLabel.swift; sourceTree = "<group>"; };
		E26980B31CDEA7A6001E9707 /* IncrementableLabel.framework */ = {isa = PBXFileReference; explicitFileType = wrapper.framework; includeInIndex = 0; path = IncrementableLabel.framework; sourceTree = BUILT_PRODUCTS_DIR; };
		E26980B51CDEA7A6001E9707 /* IncrementableLabel tvOS.h */ = {isa = PBXFileReference; lastKnownFileType = sourcecode.c.h; path = "IncrementableLabel tvOS.h"; sourceTree = "<group>"; };
		E26980B71CDEA7A6001E9707 /* Info.plist */ = {isa = PBXFileReference; lastKnownFileType = text.plist.xml; path = Info.plist; sourceTree = "<group>"; };
/* End PBXFileReference section */

/* Begin PBXFrameworksBuildPhase section */
		E269808C1CDEA6DB001E9707 /* Frameworks */ = {
			isa = PBXFrameworksBuildPhase;
			buildActionMask = 2147483647;
			files = (
			);
			runOnlyForDeploymentPostprocessing = 0;
		};
		E26980AF1CDEA7A6001E9707 /* Frameworks */ = {
			isa = PBXFrameworksBuildPhase;
			buildActionMask = 2147483647;
			files = (
			);
			runOnlyForDeploymentPostprocessing = 0;
		};
/* End PBXFrameworksBuildPhase section */

/* Begin PBXGroup section */
		E26980861CDEA6DA001E9707 = {
			isa = PBXGroup;
			children = (
				E26980AB1CDEA732001E9707 /* IncrementableLabel Core */,
				E26980921CDEA6DB001E9707 /* IncrementableLabel iOS */,
				E26980B41CDEA7A6001E9707 /* IncrementableLabel tvOS */,
				E26980911CDEA6DB001E9707 /* Products */,
			);
			sourceTree = "<group>";
		};
		E26980911CDEA6DB001E9707 /* Products */ = {
			isa = PBXGroup;
			children = (
				E26980901CDEA6DB001E9707 /* IncrementableLabel.framework */,
				E26980B31CDEA7A6001E9707 /* IncrementableLabel.framework */,
			);
			name = Products;
			sourceTree = "<group>";
		};
		E26980921CDEA6DB001E9707 /* IncrementableLabel iOS */ = {
			isa = PBXGroup;
			children = (
				E26980931CDEA6DB001E9707 /* IncrementableLabel.h */,
				E26980951CDEA6DB001E9707 /* Info.plist */,
			);
			path = "IncrementableLabel iOS";
			sourceTree = "<group>";
		};
		E26980AB1CDEA732001E9707 /* IncrementableLabel Core */ = {
			isa = PBXGroup;
			children = (
				E26980AC1CDEA74C001E9707 /* IncrementableLabel.swift */,
			);
			name = "IncrementableLabel Core";
			path = IncrementableLabel;
			sourceTree = "<group>";
		};
		E26980B41CDEA7A6001E9707 /* IncrementableLabel tvOS */ = {
			isa = PBXGroup;
			children = (
				E26980B51CDEA7A6001E9707 /* IncrementableLabel tvOS.h */,
				E26980B71CDEA7A6001E9707 /* Info.plist */,
			);
			path = "IncrementableLabel tvOS";
			sourceTree = "<group>";
		};
/* End PBXGroup section */

/* Begin PBXHeadersBuildPhase section */
		E269808D1CDEA6DB001E9707 /* Headers */ = {
			isa = PBXHeadersBuildPhase;
			buildActionMask = 2147483647;
			files = (
				E26980941CDEA6DB001E9707 /* IncrementableLabel.h in Headers */,
			);
			runOnlyForDeploymentPostprocessing = 0;
		};
		E26980B01CDEA7A6001E9707 /* Headers */ = {
			isa = PBXHeadersBuildPhase;
			buildActionMask = 2147483647;
			files = (
				E26980B61CDEA7A6001E9707 /* IncrementableLabel tvOS.h in Headers */,
			);
			runOnlyForDeploymentPostprocessing = 0;
		};
/* End PBXHeadersBuildPhase section */

/* Begin PBXNativeTarget section */
		E269808F1CDEA6DB001E9707 /* IncrementableLabel iOS */ = {
			isa = PBXNativeTarget;
			buildConfigurationList = E26980A41CDEA6DB001E9707 /* Build configuration list for PBXNativeTarget "IncrementableLabel iOS" */;
			buildPhases = (
				E269808B1CDEA6DB001E9707 /* Sources */,
				E269808C1CDEA6DB001E9707 /* Frameworks */,
				E269808D1CDEA6DB001E9707 /* Headers */,
				E269808E1CDEA6DB001E9707 /* Resources */,
			);
			buildRules = (
			);
			dependencies = (
			);
			name = "IncrementableLabel iOS";
			productName = IncrementableLabel;
			productReference = E26980901CDEA6DB001E9707 /* IncrementableLabel.framework */;
			productType = "com.apple.product-type.framework";
		};
		E26980B21CDEA7A6001E9707 /* IncrementableLabel tvOS */ = {
			isa = PBXNativeTarget;
			buildConfigurationList = E26980C41CDEA7A6001E9707 /* Build configuration list for PBXNativeTarget "IncrementableLabel tvOS" */;
			buildPhases = (
				E26980AE1CDEA7A6001E9707 /* Sources */,
				E26980AF1CDEA7A6001E9707 /* Frameworks */,
				E26980B01CDEA7A6001E9707 /* Headers */,
				E26980B11CDEA7A6001E9707 /* Resources */,
			);
			buildRules = (
			);
			dependencies = (
			);
			name = "IncrementableLabel tvOS";
			productName = "IncrementableLabel tvOS";
			productReference = E26980B31CDEA7A6001E9707 /* IncrementableLabel.framework */;
			productType = "com.apple.product-type.framework";
		};
/* End PBXNativeTarget section */

/* Begin PBXProject section */
		E26980871CDEA6DA001E9707 /* Project object */ = {
			isa = PBXProject;
			attributes = {
				LastSwiftUpdateCheck = 0730;
				LastUpgradeCheck = 0730;
				ORGANIZATIONNAME = Recisio;
				TargetAttributes = {
					E269808F1CDEA6DB001E9707 = {
						CreatedOnToolsVersion = 7.3.1;
					};
					E26980B21CDEA7A6001E9707 = {
						CreatedOnToolsVersion = 7.3.1;
					};
				};
			};
			buildConfigurationList = E269808A1CDEA6DA001E9707 /* Build configuration list for PBXProject "IncrementableLabel" */;
			compatibilityVersion = "Xcode 3.2";
			developmentRegion = English;
			hasScannedForEncodings = 0;
			knownRegions = (
				en,
			);
			mainGroup = E26980861CDEA6DA001E9707;
			productRefGroup = E26980911CDEA6DB001E9707 /* Products */;
			projectDirPath = "";
			projectRoot = "";
			targets = (
				E269808F1CDEA6DB001E9707 /* IncrementableLabel iOS */,
				E26980B21CDEA7A6001E9707 /* IncrementableLabel tvOS */,
			);
		};
/* End PBXProject section */

/* Begin PBXResourcesBuildPhase section */
		E269808E1CDEA6DB001E9707 /* Resources */ = {
			isa = PBXResourcesBuildPhase;
			buildActionMask = 2147483647;
			files = (
			);
			runOnlyForDeploymentPostprocessing = 0;
		};
		E26980B11CDEA7A6001E9707 /* Resources */ = {
			isa = PBXResourcesBuildPhase;
			buildActionMask = 2147483647;
			files = (
			);
			runOnlyForDeploymentPostprocessing = 0;
		};
/* End PBXResourcesBuildPhase section */

/* Begin PBXSourcesBuildPhase section */
		E269808B1CDEA6DB001E9707 /* Sources */ = {
			isa = PBXSourcesBuildPhase;
			buildActionMask = 2147483647;
			files = (
				E26980AD1CDEA74C001E9707 /* IncrementableLabel.swift in Sources */,
			);
			runOnlyForDeploymentPostprocessing = 0;
		};
		E26980AE1CDEA7A6001E9707 /* Sources */ = {
			isa = PBXSourcesBuildPhase;
			buildActionMask = 2147483647;
			files = (
				E26980E51CDEA9DA001E9707 /* IncrementableLabel.swift in Sources */,
			);
			runOnlyForDeploymentPostprocessing = 0;
		};
/* End PBXSourcesBuildPhase section */

/* Begin XCBuildConfiguration section */
		E26980A21CDEA6DB001E9707 /* Debug */ = {
			isa = XCBuildConfiguration;
			buildSettings = {
				ALWAYS_SEARCH_USER_PATHS = NO;
				CLANG_ANALYZER_NONNULL = YES;
				CLANG_CXX_LANGUAGE_STANDARD = "gnu++0x";
				CLANG_CXX_LIBRARY = "libc++";
				CLANG_ENABLE_MODULES = YES;
				CLANG_ENABLE_OBJC_ARC = YES;
				CLANG_WARN_BOOL_CONVERSION = YES;
				CLANG_WARN_CONSTANT_CONVERSION = YES;
				CLANG_WARN_DIRECT_OBJC_ISA_USAGE = YES_ERROR;
				CLANG_WARN_EMPTY_BODY = YES;
				CLANG_WARN_ENUM_CONVERSION = YES;
				CLANG_WARN_INT_CONVERSION = YES;
				CLANG_WARN_OBJC_ROOT_CLASS = YES_ERROR;
				CLANG_WARN_UNREACHABLE_CODE = YES;
				CLANG_WARN__DUPLICATE_METHOD_MATCH = YES;
				"CODE_SIGN_IDENTITY[sdk=iphoneos*]" = "iPhone Developer";
				COPY_PHASE_STRIP = NO;
				CURRENT_PROJECT_VERSION = 1;
				DEBUG_INFORMATION_FORMAT = dwarf;
				ENABLE_STRICT_OBJC_MSGSEND = YES;
				ENABLE_TESTABILITY = YES;
				GCC_C_LANGUAGE_STANDARD = gnu99;
				GCC_DYNAMIC_NO_PIC = NO;
				GCC_NO_COMMON_BLOCKS = YES;
				GCC_OPTIMIZATION_LEVEL = 0;
				GCC_PREPROCESSOR_DEFINITIONS = (
					"DEBUG=1",
					"$(inherited)",
				);
				GCC_WARN_64_TO_32_BIT_CONVERSION = YES;
				GCC_WARN_ABOUT_RETURN_TYPE = YES_ERROR;
				GCC_WARN_UNDECLARED_SELECTOR = YES;
				GCC_WARN_UNINITIALIZED_AUTOS = YES_AGGRESSIVE;
				GCC_WARN_UNUSED_FUNCTION = YES;
				GCC_WARN_UNUSED_VARIABLE = YES;
				IPHONEOS_DEPLOYMENT_TARGET = 9.3;
				MTL_ENABLE_DEBUG_INFO = YES;
				ONLY_ACTIVE_ARCH = YES;
				SDKROOT = iphoneos;
				SWIFT_OPTIMIZATION_LEVEL = "-Onone";
				TARGETED_DEVICE_FAMILY = "1,2";
				VERSIONING_SYSTEM = "apple-generic";
				VERSION_INFO_PREFIX = "";
			};
			name = Debug;
		};
		E26980A31CDEA6DB001E9707 /* Release */ = {
			isa = XCBuildConfiguration;
			buildSettings = {
				ALWAYS_SEARCH_USER_PATHS = NO;
				CLANG_ANALYZER_NONNULL = YES;
				CLANG_CXX_LANGUAGE_STANDARD = "gnu++0x";
				CLANG_CXX_LIBRARY = "libc++";
				CLANG_ENABLE_MODULES = YES;
				CLANG_ENABLE_OBJC_ARC = YES;
				CLANG_WARN_BOOL_CONVERSION = YES;
				CLANG_WARN_CONSTANT_CONVERSION = YES;
				CLANG_WARN_DIRECT_OBJC_ISA_USAGE = YES_ERROR;
				CLANG_WARN_EMPTY_BODY = YES;
				CLANG_WARN_ENUM_CONVERSION = YES;
				CLANG_WARN_INT_CONVERSION = YES;
				CLANG_WARN_OBJC_ROOT_CLASS = YES_ERROR;
				CLANG_WARN_UNREACHABLE_CODE = YES;
				CLANG_WARN__DUPLICATE_METHOD_MATCH = YES;
				"CODE_SIGN_IDENTITY[sdk=iphoneos*]" = "iPhone Developer";
				COPY_PHASE_STRIP = NO;
				CURRENT_PROJECT_VERSION = 1;
				DEBUG_INFORMATION_FORMAT = "dwarf-with-dsym";
				ENABLE_NS_ASSERTIONS = NO;
				ENABLE_STRICT_OBJC_MSGSEND = YES;
				GCC_C_LANGUAGE_STANDARD = gnu99;
				GCC_NO_COMMON_BLOCKS = YES;
				GCC_WARN_64_TO_32_BIT_CONVERSION = YES;
				GCC_WARN_ABOUT_RETURN_TYPE = YES_ERROR;
				GCC_WARN_UNDECLARED_SELECTOR = YES;
				GCC_WARN_UNINITIALIZED_AUTOS = YES_AGGRESSIVE;
				GCC_WARN_UNUSED_FUNCTION = YES;
				GCC_WARN_UNUSED_VARIABLE = YES;
				IPHONEOS_DEPLOYMENT_TARGET = 9.3;
				MTL_ENABLE_DEBUG_INFO = NO;
				SDKROOT = iphoneos;
				TARGETED_DEVICE_FAMILY = "1,2";
				VALIDATE_PRODUCT = YES;
				VERSIONING_SYSTEM = "apple-generic";
				VERSION_INFO_PREFIX = "";
			};
			name = Release;
		};
		E26980A51CDEA6DB001E9707 /* Debug */ = {
			isa = XCBuildConfiguration;
			buildSettings = {
				CLANG_ENABLE_MODULES = YES;
				DEFINES_MODULE = YES;
				DYLIB_COMPATIBILITY_VERSION = 1;
				DYLIB_CURRENT_VERSION = 1;
				DYLIB_INSTALL_NAME_BASE = "@rpath";
				INFOPLIST_FILE = "$(SRCROOT)/IncrementableLabel iOS/Info.plist";
				INSTALL_PATH = "$(LOCAL_LIBRARY_DIR)/Frameworks";
				IPHONEOS_DEPLOYMENT_TARGET = 8.0;
				LD_RUNPATH_SEARCH_PATHS = "$(inherited) @executable_path/Frameworks @loader_path/Frameworks";
				PRODUCT_BUNDLE_IDENTIFIER = com.recisio.IncrementableLabel;
				PRODUCT_NAME = IncrementableLabel;
				SKIP_INSTALL = YES;
				SWIFT_OPTIMIZATION_LEVEL = "-Onone";
			};
			name = Debug;
		};
		E26980A61CDEA6DB001E9707 /* Release */ = {
			isa = XCBuildConfiguration;
			buildSettings = {
				CLANG_ENABLE_MODULES = YES;
				DEFINES_MODULE = YES;
				DYLIB_COMPATIBILITY_VERSION = 1;
				DYLIB_CURRENT_VERSION = 1;
				DYLIB_INSTALL_NAME_BASE = "@rpath";
				INFOPLIST_FILE = "$(SRCROOT)/IncrementableLabel iOS/Info.plist";
				INSTALL_PATH = "$(LOCAL_LIBRARY_DIR)/Frameworks";
				IPHONEOS_DEPLOYMENT_TARGET = 8.0;
				LD_RUNPATH_SEARCH_PATHS = "$(inherited) @executable_path/Frameworks @loader_path/Frameworks";
				PRODUCT_BUNDLE_IDENTIFIER = com.recisio.IncrementableLabel;
				PRODUCT_NAME = IncrementableLabel;
				SKIP_INSTALL = YES;
			};
			name = Release;
		};
		E26980C51CDEA7A6001E9707 /* Debug */ = {
			isa = XCBuildConfiguration;
			buildSettings = {
				DEFINES_MODULE = YES;
				DYLIB_COMPATIBILITY_VERSION = 1;
				DYLIB_CURRENT_VERSION = 1;
				DYLIB_INSTALL_NAME_BASE = "@rpath";
				INFOPLIST_FILE = "IncrementableLabel tvOS/Info.plist";
				INSTALL_PATH = "$(LOCAL_LIBRARY_DIR)/Frameworks";
				LD_RUNPATH_SEARCH_PATHS = "$(inherited) @executable_path/Frameworks @loader_path/Frameworks";
				PRODUCT_BUNDLE_IDENTIFIER = "com.recisio.IncrementableLabel-tvOS";
				PRODUCT_NAME = IncrementableLabel;
				SDKROOT = appletvos;
				SKIP_INSTALL = YES;
				TARGETED_DEVICE_FAMILY = 3;
				TVOS_DEPLOYMENT_TARGET = 9.0;
			};
			name = Debug;
		};
		E26980C61CDEA7A6001E9707 /* Release */ = {
			isa = XCBuildConfiguration;
			buildSettings = {
				DEFINES_MODULE = YES;
				DYLIB_COMPATIBILITY_VERSION = 1;
				DYLIB_CURRENT_VERSION = 1;
				DYLIB_INSTALL_NAME_BASE = "@rpath";
				INFOPLIST_FILE = "IncrementableLabel tvOS/Info.plist";
				INSTALL_PATH = "$(LOCAL_LIBRARY_DIR)/Frameworks";
				LD_RUNPATH_SEARCH_PATHS = "$(inherited) @executable_path/Frameworks @loader_path/Frameworks";
				PRODUCT_BUNDLE_IDENTIFIER = "com.recisio.IncrementableLabel-tvOS";
				PRODUCT_NAME = IncrementableLabel;
				SDKROOT = appletvos;
				SKIP_INSTALL = YES;
				TARGETED_DEVICE_FAMILY = 3;
				TVOS_DEPLOYMENT_TARGET = 9.0;
			};
			name = Release;
		};
/* End XCBuildConfiguration section */

/* Begin XCConfigurationList section */
		E269808A1CDEA6DA001E9707 /* Build configuration list for PBXProject "IncrementableLabel" */ = {
			isa = XCConfigurationList;
			buildConfigurations = (
				E26980A21CDEA6DB001E9707 /* Debug */,
				E26980A31CDEA6DB001E9707 /* Release */,
			);
			defaultConfigurationIsVisible = 0;
			defaultConfigurationName = Release;
		};
		E26980A41CDEA6DB001E9707 /* Build configuration list for PBXNativeTarget "IncrementableLabel iOS" */ = {
			isa = XCConfigurationList;
			buildConfigurations = (
				E26980A51CDEA6DB001E9707 /* Debug */,
				E26980A61CDEA6DB001E9707 /* Release */,
			);
			defaultConfigurationIsVisible = 0;
			defaultConfigurationName = Release;
		};
		E26980C41CDEA7A6001E9707 /* Build configuration list for PBXNativeTarget "IncrementableLabel tvOS" */ = {
			isa = XCConfigurationList;
			buildConfigurations = (
				E26980C51CDEA7A6001E9707 /* Debug */,
				E26980C61CDEA7A6001E9707 /* Release */,
			);
			defaultConfigurationIsVisible = 0;
		};
/* End XCConfigurationList section */
	};
	rootObject = E26980871CDEA6DA001E9707 /* Project object */;
}
